
Microsoft Visual Studio Solution File, Format Version 11.00
# Visual C# Express 2010
Project("{FAE04EC0-301F-11D3-BF4B-00C04F79EFBC}") = "TransactionTracker", "TransactionTracker.csproj", "{B39EE1D0-0990-48D4-97F7-BB1C04657D38}"
EndProject
Global
	GlobalSection(SolutionConfigurationPlatforms) = preSolution
		Debug|Any CPU = Debug|Any CPU
		Release|Any CPU = Release|Any CPU
	EndGlobalSection
	GlobalSection(ProjectConfigurationPlatforms) = postSolution
		{B39EE1D0-0990-48D4-97F7-BB1C04657D38}.Debug|Any CPU.ActiveCfg = Debug|Any CPU
		{B39EE1D0-0990-48D4-97F7-BB1C04657D38}.Debug|Any CPU.Build.0 = Debug|Any CPU
		{B39EE1D0-0990-48D4-97F7-BB1C04657D38}.Release|Any CPU.ActiveCfg = Release|Any CPU
		{B39EE1D0-0990-48D4-97F7-BB1C04657D38}.Release|Any CPU.Build.0 = Release|Any CPU
	EndGlobalSection
	GlobalSection(SolutionProperties) = preSolution
		HideSolutionNode = FALSE
	EndGlobalSection
EndGlobal
